
Microsoft Visual Studio Solution File, Format Version 12.00
# Visual Studio Version 16
VisualStudioVersion = 16.0.30517.126
MinimumVisualStudioVersion = 10.0.40219.1
Project("{FAE04EC0-301F-11D3-BF4B-00C04F79EFBC}") = "NumberGuesserStevenSuviste", "NumberGuesserStevenSuviste\NumberGuesserStevenSuviste.csproj", "{C589A43B-5CA3-4DBF-8D00-30EE123CCDCD}"
EndProject
Global
	GlobalSection(SolutionConfigurationPlatforms) = preSolution
		Debug|Any CPU = Debug|Any CPU
		Release|Any CPU = Release|Any CPU
	EndGlobalSection
	GlobalSection(ProjectConfigurationPlatforms) = postSolution
		{C589A43B-5CA3-4DBF-8D00-30EE123CCDCD}.Debug|Any CPU.ActiveCfg = Debug|Any CPU
		{C589A43B-5CA3-4DBF-8D00-30EE123CCDCD}.Debug|Any CPU.Build.0 = Debug|Any CPU
		{C589A43B-5CA3-4DBF-8D00-30EE123CCDCD}.Release|Any CPU.ActiveCfg = Release|Any CPU
		{C589A43B-5CA3-4DBF-8D00-30EE123CCDCD}.Release|Any CPU.Build.0 = Release|Any CPU
	EndGlobalSection
	GlobalSection(SolutionProperties) = preSolution
		HideSolutionNode = FALSE
	EndGlobalSection
	GlobalSection(ExtensibilityGlobals) = postSolution
		SolutionGuid = {C028DE5B-02A6-4E27-8FA5-4EB8B19C0272}
	EndGlobalSection
EndGlobal
