
Microsoft Visual Studio Solution File, Format Version 12.00
# Visual Studio Version 16
VisualStudioVersion = 16.0.30517.126
MinimumVisualStudioVersion = 10.0.40219.1
Project("{FAE04EC0-301F-11D3-BF4B-00C04F79EFBC}") = "StringsAndArrays", "StringsAndArrays\StringsAndArrays.csproj", "{4BC878CA-4069-4DD8-8178-6EE2227254A8}"
EndProject
Project("{FAE04EC0-301F-11D3-BF4B-00C04F79EFBC}") = "FullNameReversed", "FullNameReversed\FullNameReversed.csproj", "{7B0FC236-74F1-4E8C-BF86-13EA8178CAA5}"
EndProject
Global
	GlobalSection(SolutionConfigurationPlatforms) = preSolution
		Debug|Any CPU = Debug|Any CPU
		Release|Any CPU = Release|Any CPU
	EndGlobalSection
	GlobalSection(ProjectConfigurationPlatforms) = postSolution
		{4BC878CA-4069-4DD8-8178-6EE2227254A8}.Debug|Any CPU.ActiveCfg = Debug|Any CPU
		{4BC878CA-4069-4DD8-8178-6EE2227254A8}.Debug|Any CPU.Build.0 = Debug|Any CPU
		{4BC878CA-4069-4DD8-8178-6EE2227254A8}.Release|Any CPU.ActiveCfg = Release|Any CPU
		{4BC878CA-4069-4DD8-8178-6EE2227254A8}.Release|Any CPU.Build.0 = Release|Any CPU
		{7B0FC236-74F1-4E8C-BF86-13EA8178CAA5}.Debug|Any CPU.ActiveCfg = Debug|Any CPU
		{7B0FC236-74F1-4E8C-BF86-13EA8178CAA5}.Debug|Any CPU.Build.0 = Debug|Any CPU
		{7B0FC236-74F1-4E8C-BF86-13EA8178CAA5}.Release|Any CPU.ActiveCfg = Release|Any CPU
		{7B0FC236-74F1-4E8C-BF86-13EA8178CAA5}.Release|Any CPU.Build.0 = Release|Any CPU
	EndGlobalSection
	GlobalSection(SolutionProperties) = preSolution
		HideSolutionNode = FALSE
	EndGlobalSection
	GlobalSection(ExtensibilityGlobals) = postSolution
		SolutionGuid = {C9F3EAE0-2853-44DB-82F5-C121F35DC12A}
	EndGlobalSection
EndGlobal
